
Microsoft Visual Studio Solution File, Format Version 12.00
# Visual Studio Version 16
VisualStudioVersion = 16.0.30907.101
MinimumVisualStudioVersion = 10.0.40219.1
Project("{8BC9CEB8-8B4A-11D0-8D11-00A0C91BC942}") = "ChecksumBypass-Genshin", "src/ChecksumBypass-Genshin.vcxproj", "{0A92662D-8E3A-49E5-9A4C-A64BC904DE2B}"
EndProject
Global
	GlobalSection(SolutionConfigurationPlatforms) = preSolution
		Release|x64 = Release|x64
		Release|x86 = Release|x86
	EndGlobalSection
	GlobalSection(ProjectConfigurationPlatforms) = postSolution
		{0A92662D-8E3A-49E5-9A4C-A64BC904DE2B}.Release|x64.ActiveCfg = Release|x64
		{0A92662D-8E3A-49E5-9A4C-A64BC904DE2B}.Release|x64.Build.0 = Release|x64
		{0A92662D-8E3A-49E5-9A4C-A64BC904DE2B}.Release|x86.ActiveCfg = Release|Win32
		{0A92662D-8E3A-49E5-9A4C-A64BC904DE2B}.Release|x86.Build.0 = Release|Win32
	EndGlobalSection
	GlobalSection(SolutionProperties) = preSolution
		HideSolutionNode = FALSE
	EndGlobalSection
	GlobalSection(ExtensibilityGlobals) = postSolution
		SolutionGuid = {2ECF2AD3-BE13-4F5C-8DE9-E771159FF608}
	EndGlobalSection
EndGlobal
